// !$*UTF8*$!
{
	archiveVersion = 1;
	classes = {
	};
	objectVersion = 46;
	objects = {

/* Begin PBXBuildFile section */
		B9C096D91C04D1630083A2A0 /* AppDelegate.swift in Sources */ = {isa = PBXBuildFile; fileRef = B9C096D81C04D1630083A2A0 /* AppDelegate.swift */; };
		B9C096DB1C04D1630083A2A0 /* ViewController.swift in Sources */ = {isa = PBXBuildFile; fileRef = B9C096DA1C04D1630083A2A0 /* ViewController.swift */; };
		B9C096DE1C04D1640083A2A0 /* Main.storyboard in Resources */ = {isa = PBXBuildFile; fileRef = B9C096DC1C04D1630083A2A0 /* Main.storyboard */; };
		B9C096E01C04D1640083A2A0 /* Assets.xcassets in Resources */ = {isa = PBXBuildFile; fileRef = B9C096DF1C04D1640083A2A0 /* Assets.xcassets */; };
		B9C096E31C04D1640083A2A0 /* LaunchScreen.storyboard in Resources */ = {isa = PBXBuildFile; fileRef = B9C096E11C04D1640083A2A0 /* LaunchScreen.storyboard */; };
		B9C096EE1C04D1640083A2A0 /* codemotion2015Tests.swift in Sources */ = {isa = PBXBuildFile; fileRef = B9C096ED1C04D1640083A2A0 /* codemotion2015Tests.swift */; };
		B9E803BF1C0669A7008E681B /* codemotion2015UITests.swift in Sources */ = {isa = PBXBuildFile; fileRef = B9E803BE1C0669A7008E681B /* codemotion2015UITests.swift */; };
		B9E803C91C066AEA008E681B /* SnapshotHelper.swift in Sources */ = {isa = PBXBuildFile; fileRef = B9E803C81C066AEA008E681B /* SnapshotHelper.swift */; };
/* End PBXBuildFile section */

/* Begin PBXContainerItemProxy section */
		B9C096EA1C04D1640083A2A0 /* PBXContainerItemProxy */ = {
			isa = PBXContainerItemProxy;
			containerPortal = B9C096CD1C04D1630083A2A0 /* Project object */;
			proxyType = 1;
			remoteGlobalIDString = B9C096D41C04D1630083A2A0;
			remoteInfo = codemotion2015;
		};
		B9E803C11C0669A7008E681B /* PBXContainerItemProxy */ = {
			isa = PBXContainerItemProxy;
			containerPortal = B9C096CD1C04D1630083A2A0 /* Project object */;
			proxyType = 1;
			remoteGlobalIDString = B9C096D41C04D1630083A2A0;
			remoteInfo = codemotion2015;
		};
/* End PBXContainerItemProxy section */

/* Begin PBXFileReference section */
		B9C096D51C04D1630083A2A0 /* codemotion2015.app */ = {isa = PBXFileReference; explicitFileType = wrapper.application; includeInIndex = 0; path = codemotion2015.app; sourceTree = BUILT_PRODUCTS_DIR; };
		B9C096D81C04D1630083A2A0 /* AppDelegate.swift */ = {isa = PBXFileReference; lastKnownFileType = sourcecode.swift; path = AppDelegate.swift; sourceTree = "<group>"; };
		B9C096DA1C04D1630083A2A0 /* ViewController.swift */ = {isa = PBXFileReference; lastKnownFileType = sourcecode.swift; path = ViewController.swift; sourceTree = "<group>"; };
		B9C096DD1C04D1630083A2A0 /* Base */ = {isa = PBXFileReference; lastKnownFileType = file.storyboard; name = Base; path = Base.lproj/Main.storyboard; sourceTree = "<group>"; };
		B9C096DF1C04D1640083A2A0 /* Assets.xcassets */ = {isa = PBXFileReference; lastKnownFileType = folder.assetcatalog; path = Assets.xcassets; sourceTree = "<group>"; };
		B9C096E21C04D1640083A2A0 /* Base */ = {isa = PBXFileReference; lastKnownFileType = file.storyboard; name = Base; path = Base.lproj/LaunchScreen.storyboard; sourceTree = "<group>"; };
		B9C096E41C04D1640083A2A0 /* Info.plist */ = {isa = PBXFileReference; lastKnownFileType = text.plist.xml; path = Info.plist; sourceTree = "<group>"; };
		B9C096E91C04D1640083A2A0 /* codemotion2015Tests.xctest */ = {isa = PBXFileReference; explicitFileType = wrapper.cfbundle; includeInIndex = 0; path = codemotion2015Tests.xctest; sourceTree = BUILT_PRODUCTS_DIR; };
		B9C096ED1C04D1640083A2A0 /* codemotion2015Tests.swift */ = {isa = PBXFileReference; lastKnownFileType = sourcecode.swift; path = codemotion2015Tests.swift; sourceTree = "<group>"; };
		B9C096EF1C04D1640083A2A0 /* Info.plist */ = {isa = PBXFileReference; lastKnownFileType = text.plist.xml; path = Info.plist; sourceTree = "<group>"; };
		B9E803B61C0668EC008E681B /* fr */ = {isa = PBXFileReference; lastKnownFileType = text.plist.strings; name = fr; path = fr.lproj/Main.strings; sourceTree = "<group>"; };
		B9E803BC1C0669A7008E681B /* codemotion2015UITests.xctest */ = {isa = PBXFileReference; explicitFileType = wrapper.cfbundle; includeInIndex = 0; path = codemotion2015UITests.xctest; sourceTree = BUILT_PRODUCTS_DIR; };
		B9E803BE1C0669A7008E681B /* codemotion2015UITests.swift */ = {isa = PBXFileReference; lastKnownFileType = sourcecode.swift; path = codemotion2015UITests.swift; sourceTree = "<group>"; };
		B9E803C01C0669A7008E681B /* Info.plist */ = {isa = PBXFileReference; lastKnownFileType = text.plist.xml; path = Info.plist; sourceTree = "<group>"; };
		B9E803C81C066AEA008E681B /* SnapshotHelper.swift */ = {isa = PBXFileReference; fileEncoding = 4; lastKnownFileType = sourcecode.swift; name = SnapshotHelper.swift; path = fastlane/SnapshotHelper.swift; sourceTree = SOURCE_ROOT; };
		B9E803CB1C067438008E681B /* es */ = {isa = PBXFileReference; lastKnownFileType = text.plist.strings; name = es; path = es.lproj/Main.strings; sourceTree = "<group>"; };
/* End PBXFileReference section */

/* Begin PBXFrameworksBuildPhase section */
		B9C096D21C04D1630083A2A0 /* Frameworks */ = {
			isa = PBXFrameworksBuildPhase;
			buildActionMask = 2147483647;
			files = (
			);
			runOnlyForDeploymentPostprocessing = 0;
		};
		B9C096E61C04D1640083A2A0 /* Frameworks */ = {
			isa = PBXFrameworksBuildPhase;
			buildActionMask = 2147483647;
			files = (
			);
			runOnlyForDeploymentPostprocessing = 0;
		};
		B9E803B91C0669A7008E681B /* Frameworks */ = {
			isa = PBXFrameworksBuildPhase;
			buildActionMask = 2147483647;
			files = (
			);
			runOnlyForDeploymentPostprocessing = 0;
		};
/* End PBXFrameworksBuildPhase section */

/* Begin PBXGroup section */
		B9C096CC1C04D1630083A2A0 = {
			isa = PBXGroup;
			children = (
				B9C096D71C04D1630083A2A0 /* codemotion2015 */,
				B9C096EC1C04D1640083A2A0 /* codemotion2015Tests */,
				B9E803BD1C0669A7008E681B /* codemotion2015UITests */,
				B9C096D61C04D1630083A2A0 /* Products */,
			);
			sourceTree = "<group>";
		};
		B9C096D61C04D1630083A2A0 /* Products */ = {
			isa = PBXGroup;
			children = (
				B9C096D51C04D1630083A2A0 /* codemotion2015.app */,
				B9C096E91C04D1640083A2A0 /* codemotion2015Tests.xctest */,
				B9E803BC1C0669A7008E681B /* codemotion2015UITests.xctest */,
			);
			name = Products;
			sourceTree = "<group>";
		};
		B9C096D71C04D1630083A2A0 /* codemotion2015 */ = {
			isa = PBXGroup;
			children = (
				B9C096D81C04D1630083A2A0 /* AppDelegate.swift */,
				B9C096DA1C04D1630083A2A0 /* ViewController.swift */,
				B9C096DC1C04D1630083A2A0 /* Main.storyboard */,
				B9C096DF1C04D1640083A2A0 /* Assets.xcassets */,
				B9C096E11C04D1640083A2A0 /* LaunchScreen.storyboard */,
				B9C096E41C04D1640083A2A0 /* Info.plist */,
			);
			path = codemotion2015;
			sourceTree = "<group>";
		};
		B9C096EC1C04D1640083A2A0 /* codemotion2015Tests */ = {
			isa = PBXGroup;
			children = (
				B9C096ED1C04D1640083A2A0 /* codemotion2015Tests.swift */,
				B9C096EF1C04D1640083A2A0 /* Info.plist */,
			);
			path = codemotion2015Tests;
			sourceTree = "<group>";
		};
		B9E803BD1C0669A7008E681B /* codemotion2015UITests */ = {
			isa = PBXGroup;
			children = (
				B9E803C81C066AEA008E681B /* SnapshotHelper.swift */,
				B9E803BE1C0669A7008E681B /* codemotion2015UITests.swift */,
				B9E803C01C0669A7008E681B /* Info.plist */,
			);
			path = codemotion2015UITests;
			sourceTree = "<group>";
		};
/* End PBXGroup section */

/* Begin PBXNativeTarget section */
		B9C096D41C04D1630083A2A0 /* codemotion2015 */ = {
			isa = PBXNativeTarget;
			buildConfigurationList = B9C096F21C04D1640083A2A0 /* Build configuration list for PBXNativeTarget "codemotion2015" */;
			buildPhases = (
				B9C096D11C04D1630083A2A0 /* Sources */,
				B9C096D21C04D1630083A2A0 /* Frameworks */,
				B9C096D31C04D1630083A2A0 /* Resources */,
			);
			buildRules = (
			);
			dependencies = (
			);
			name = codemotion2015;
			productName = codemotion2015;
			productReference = B9C096D51C04D1630083A2A0 /* codemotion2015.app */;
			productType = "com.apple.product-type.application";
		};
		B9C096E81C04D1640083A2A0 /* codemotion2015Tests */ = {
			isa = PBXNativeTarget;
			buildConfigurationList = B9C096F51C04D1640083A2A0 /* Build configuration list for PBXNativeTarget "codemotion2015Tests" */;
			buildPhases = (
				B9C096E51C04D1640083A2A0 /* Sources */,
				B9C096E61C04D1640083A2A0 /* Frameworks */,
				B9C096E71C04D1640083A2A0 /* Resources */,
			);
			buildRules = (
			);
			dependencies = (
				B9C096EB1C04D1640083A2A0 /* PBXTargetDependency */,
			);
			name = codemotion2015Tests;
			productName = codemotion2015Tests;
			productReference = B9C096E91C04D1640083A2A0 /* codemotion2015Tests.xctest */;
			productType = "com.apple.product-type.bundle.unit-test";
		};
		B9E803BB1C0669A7008E681B /* codemotion2015UITests */ = {
			isa = PBXNativeTarget;
			buildConfigurationList = B9E803C31C0669A7008E681B /* Build configuration list for PBXNativeTarget "codemotion2015UITests" */;
			buildPhases = (
				B9E803B81C0669A7008E681B /* Sources */,
				B9E803B91C0669A7008E681B /* Frameworks */,
				B9E803BA1C0669A7008E681B /* Resources */,
			);
			buildRules = (
			);
			dependencies = (
				B9E803C21C0669A7008E681B /* PBXTargetDependency */,
			);
			name = codemotion2015UITests;
			productName = codemotion2015UITests;
			productReference = B9E803BC1C0669A7008E681B /* codemotion2015UITests.xctest */;
			productType = "com.apple.product-type.bundle.ui-testing";
		};
/* End PBXNativeTarget section */

/* Begin PBXProject section */
		B9C096CD1C04D1630083A2A0 /* Project object */ = {
			isa = PBXProject;
			attributes = {
				LastSwiftUpdateCheck = 0710;
				LastUpgradeCheck = 0710;
				ORGANIZATIONNAME = "Jorge Maroto García";
				TargetAttributes = {
					B9C096D41C04D1630083A2A0 = {
						CreatedOnToolsVersion = 7.1.1;
					};
					B9C096E81C04D1640083A2A0 = {
						CreatedOnToolsVersion = 7.1.1;
						TestTargetID = B9C096D41C04D1630083A2A0;
					};
					B9E803BB1C0669A7008E681B = {
						CreatedOnToolsVersion = 7.1.1;
						TestTargetID = B9C096D41C04D1630083A2A0;
					};
				};
			};
			buildConfigurationList = B9C096D01C04D1630083A2A0 /* Build configuration list for PBXProject "codemotion2015" */;
			compatibilityVersion = "Xcode 3.2";
			developmentRegion = English;
			hasScannedForEncodings = 0;
			knownRegions = (
				en,
				Base,
				es,
			);
			mainGroup = B9C096CC1C04D1630083A2A0;
			productRefGroup = B9C096D61C04D1630083A2A0 /* Products */;
			projectDirPath = "";
			projectRoot = "";
			targets = (
				B9C096D41C04D1630083A2A0 /* codemotion2015 */,
				B9C096E81C04D1640083A2A0 /* codemotion2015Tests */,
				B9E803BB1C0669A7008E681B /* codemotion2015UITests */,
			);
		};
/* End PBXProject section */

/* Begin PBXResourcesBuildPhase section */
		B9C096D31C04D1630083A2A0 /* Resources */ = {
			isa = PBXResourcesBuildPhase;
			buildActionMask = 2147483647;
			files = (
				B9C096E31C04D1640083A2A0 /* LaunchScreen.storyboard in Resources */,
				B9C096E01C04D1640083A2A0 /* Assets.xcassets in Resources */,
				B9C096DE1C04D1640083A2A0 /* Main.storyboard in Resources */,
			);
			runOnlyForDeploymentPostprocessing = 0;
		};
		B9C096E71C04D1640083A2A0 /* Resources */ = {
			isa = PBXResourcesBuildPhase;
			buildActionMask = 2147483647;
			files = (
			);
			runOnlyForDeploymentPostprocessing = 0;
		};
		B9E803BA1C0669A7008E681B /* Resources */ = {
			isa = PBXResourcesBuildPhase;
			buildActionMask = 2147483647;
			files = (
			);
			runOnlyForDeploymentPostprocessing = 0;
		};
/* End PBXResourcesBuildPhase section */

/* Begin PBXSourcesBuildPhase section */
		B9C096D11C04D1630083A2A0 /* Sources */ = {
			isa = PBXSourcesBuildPhase;
			buildActionMask = 2147483647;
			files = (
				B9C096DB1C04D1630083A2A0 /* ViewController.swift in Sources */,
				B9C096D91C04D1630083A2A0 /* AppDelegate.swift in Sources */,
			);
			runOnlyForDeploymentPostprocessing = 0;
		};
		B9C096E51C04D1640083A2A0 /* Sources */ = {
			isa = PBXSourcesBuildPhase;
			buildActionMask = 2147483647;
			files = (
				B9C096EE1C04D1640083A2A0 /* codemotion2015Tests.swift in Sources */,
			);
			runOnlyForDeploymentPostprocessing = 0;
		};
		B9E803B81C0669A7008E681B /* Sources */ = {
			isa = PBXSourcesBuildPhase;
			buildActionMask = 2147483647;
			files = (
				B9E803BF1C0669A7008E681B /* codemotion2015UITests.swift in Sources */,
				B9E803C91C066AEA008E681B /* SnapshotHelper.swift in Sources */,
			);
			runOnlyForDeploymentPostprocessing = 0;
		};
/* End PBXSourcesBuildPhase section */

/* Begin PBXTargetDependency section */
		B9C096EB1C04D1640083A2A0 /* PBXTargetDependency */ = {
			isa = PBXTargetDependency;
			target = B9C096D41C04D1630083A2A0 /* codemotion2015 */;
			targetProxy = B9C096EA1C04D1640083A2A0 /* PBXContainerItemProxy */;
		};
		B9E803C21C0669A7008E681B /* PBXTargetDependency */ = {
			isa = PBXTargetDependency;
			target = B9C096D41C04D1630083A2A0 /* codemotion2015 */;
			targetProxy = B9E803C11C0669A7008E681B /* PBXContainerItemProxy */;
		};
/* End PBXTargetDependency section */

/* Begin PBXVariantGroup section */
		B9C096DC1C04D1630083A2A0 /* Main.storyboard */ = {
			isa = PBXVariantGroup;
			children = (
				B9C096DD1C04D1630083A2A0 /* Base */,
				B9E803B61C0668EC008E681B /* fr */,
				B9E803CB1C067438008E681B /* es */,
			);
			name = Main.storyboard;
			sourceTree = "<group>";
		};
		B9C096E11C04D1640083A2A0 /* LaunchScreen.storyboard */ = {
			isa = PBXVariantGroup;
			children = (
				B9C096E21C04D1640083A2A0 /* Base */,
			);
			name = LaunchScreen.storyboard;
			sourceTree = "<group>";
		};
/* End PBXVariantGroup section */

/* Begin XCBuildConfiguration section */
		B9C096F01C04D1640083A2A0 /* Debug */ = {
			isa = XCBuildConfiguration;
			buildSettings = {
				ALWAYS_SEARCH_USER_PATHS = NO;
				CLANG_CXX_LANGUAGE_STANDARD = "gnu++0x";
				CLANG_CXX_LIBRARY = "libc++";
				CLANG_ENABLE_MODULES = YES;
				CLANG_ENABLE_OBJC_ARC = YES;
				CLANG_WARN_BOOL_CONVERSION = YES;
				CLANG_WARN_CONSTANT_CONVERSION = YES;
				CLANG_WARN_DIRECT_OBJC_ISA_USAGE = YES_ERROR;
				CLANG_WARN_EMPTY_BODY = YES;
				CLANG_WARN_ENUM_CONVERSION = YES;
				CLANG_WARN_INT_CONVERSION = YES;
				CLANG_WARN_OBJC_ROOT_CLASS = YES_ERROR;
				CLANG_WARN_UNREACHABLE_CODE = YES;
				CLANG_WARN__DUPLICATE_METHOD_MATCH = YES;
				"CODE_SIGN_IDENTITY[sdk=iphoneos*]" = "iPhone Developer";
				COPY_PHASE_STRIP = NO;
				DEBUG_INFORMATION_FORMAT = dwarf;
				ENABLE_STRICT_OBJC_MSGSEND = YES;
				ENABLE_TESTABILITY = YES;
				GCC_C_LANGUAGE_STANDARD = gnu99;
				GCC_DYNAMIC_NO_PIC = NO;
				GCC_NO_COMMON_BLOCKS = YES;
				GCC_OPTIMIZATION_LEVEL = 0;
				GCC_PREPROCESSOR_DEFINITIONS = (
					"DEBUG=1",
					"$(inherited)",
				);
				GCC_WARN_64_TO_32_BIT_CONVERSION = YES;
				GCC_WARN_ABOUT_RETURN_TYPE = YES_ERROR;
				GCC_WARN_UNDECLARED_SELECTOR = YES;
				GCC_WARN_UNINITIALIZED_AUTOS = YES_AGGRESSIVE;
				GCC_WARN_UNUSED_FUNCTION = YES;
				GCC_WARN_UNUSED_VARIABLE = YES;
				IPHONEOS_DEPLOYMENT_TARGET = 9.1;
				MTL_ENABLE_DEBUG_INFO = YES;
				ONLY_ACTIVE_ARCH = YES;
				SDKROOT = iphoneos;
				SWIFT_OPTIMIZATION_LEVEL = "-Onone";
				TARGETED_DEVICE_FAMILY = "1,2";
			};
			name = Debug;
		};
		B9C096F11C04D1640083A2A0 /* Release */ = {
			isa = XCBuildConfiguration;
			buildSettings = {
				ALWAYS_SEARCH_USER_PATHS = NO;
				CLANG_CXX_LANGUAGE_STANDARD = "gnu++0x";
				CLANG_CXX_LIBRARY = "libc++";
				CLANG_ENABLE_MODULES = YES;
				CLANG_ENABLE_OBJC_ARC = YES;
				CLANG_WARN_BOOL_CONVERSION = YES;
				CLANG_WARN_CONSTANT_CONVERSION = YES;
				CLANG_WARN_DIRECT_OBJC_ISA_USAGE = YES_ERROR;
				CLANG_WARN_EMPTY_BODY = YES;
				CLANG_WARN_ENUM_CONVERSION = YES;
				CLANG_WARN_INT_CONVERSION = YES;
				CLANG_WARN_OBJC_ROOT_CLASS = YES_ERROR;
				CLANG_WARN_UNREACHABLE_CODE = YES;
				CLANG_WARN__DUPLICATE_METHOD_MATCH = YES;
				"CODE_SIGN_IDENTITY[sdk=iphoneos*]" = "iPhone Developer";
				COPY_PHASE_STRIP = NO;
				DEBUG_INFORMATION_FORMAT = "dwarf-with-dsym";
				ENABLE_NS_ASSERTIONS = NO;
				ENABLE_STRICT_OBJC_MSGSEND = YES;
				GCC_C_LANGUAGE_STANDARD = gnu99;
				GCC_NO_COMMON_BLOCKS = YES;
				GCC_WARN_64_TO_32_BIT_CONVERSION = YES;
				GCC_WARN_ABOUT_RETURN_TYPE = YES_ERROR;
				GCC_WARN_UNDECLARED_SELECTOR = YES;
				GCC_WARN_UNINITIALIZED_AUTOS = YES_AGGRESSIVE;
				GCC_WARN_UNUSED_FUNCTION = YES;
				GCC_WARN_UNUSED_VARIABLE = YES;
				IPHONEOS_DEPLOYMENT_TARGET = 9.1;
				MTL_ENABLE_DEBUG_INFO = NO;
				SDKROOT = iphoneos;
				TARGETED_DEVICE_FAMILY = "1,2";
				VALIDATE_PRODUCT = YES;
			};
			name = Release;
		};
		B9C096F31C04D1640083A2A0 /* Debug */ = {
			isa = XCBuildConfiguration;
			buildSettings = {
				ASSETCATALOG_COMPILER_APPICON_NAME = AppIcon;
				INFOPLIST_FILE = codemotion2015/Info.plist;
				LD_RUNPATH_SEARCH_PATHS = "$(inherited) @executable_path/Frameworks";
				PRODUCT_BUNDLE_IDENTIFIER = me.maroto.codemotion2015;
				PRODUCT_NAME = "$(TARGET_NAME)";
			};
			name = Debug;
		};
		B9C096F41C04D1640083A2A0 /* Release */ = {
			isa = XCBuildConfiguration;
			buildSettings = {
				ASSETCATALOG_COMPILER_APPICON_NAME = AppIcon;
				INFOPLIST_FILE = codemotion2015/Info.plist;
				LD_RUNPATH_SEARCH_PATHS = "$(inherited) @executable_path/Frameworks";
				PRODUCT_BUNDLE_IDENTIFIER = me.maroto.codemotion2015;
				PRODUCT_NAME = "$(TARGET_NAME)";
			};
			name = Release;
		};
		B9C096F61C04D1640083A2A0 /* Debug */ = {
			isa = XCBuildConfiguration;
			buildSettings = {
				BUNDLE_LOADER = "$(TEST_HOST)";
				INFOPLIST_FILE = codemotion2015Tests/Info.plist;
				LD_RUNPATH_SEARCH_PATHS = "$(inherited) @executable_path/Frameworks @loader_path/Frameworks";
				PRODUCT_BUNDLE_IDENTIFIER = maroto.me.codemotion2015Tests;
				PRODUCT_NAME = "$(TARGET_NAME)";
				TEST_HOST = "$(BUILT_PRODUCTS_DIR)/codemotion2015.app/codemotion2015";
			};
			name = Debug;
		};
		B9C096F71C04D1640083A2A0 /* Release */ = {
			isa = XCBuildConfiguration;
			buildSettings = {
				BUNDLE_LOADER = "$(TEST_HOST)";
				INFOPLIST_FILE = codemotion2015Tests/Info.plist;
				LD_RUNPATH_SEARCH_PATHS = "$(inherited) @executable_path/Frameworks @loader_path/Frameworks";
				PRODUCT_BUNDLE_IDENTIFIER = maroto.me.codemotion2015Tests;
				PRODUCT_NAME = "$(TARGET_NAME)";
				TEST_HOST = "$(BUILT_PRODUCTS_DIR)/codemotion2015.app/codemotion2015";
			};
			name = Release;
		};
		B9E803C41C0669A7008E681B /* Debug */ = {
			isa = XCBuildConfiguration;
			buildSettings = {
				INFOPLIST_FILE = codemotion2015UITests/Info.plist;
				LD_RUNPATH_SEARCH_PATHS = "$(inherited) @executable_path/Frameworks @loader_path/Frameworks";
				PRODUCT_BUNDLE_IDENTIFIER = maroto.me.codemotion2015UITests;
				PRODUCT_NAME = "$(TARGET_NAME)";
				TEST_TARGET_NAME = codemotion2015;
				USES_XCTRUNNER = YES;
			};
			name = Debug;
		};
		B9E803C51C0669A7008E681B /* Release */ = {
			isa = XCBuildConfiguration;
			buildSettings = {
				INFOPLIST_FILE = codemotion2015UITests/Info.plist;
				LD_RUNPATH_SEARCH_PATHS = "$(inherited) @executable_path/Frameworks @loader_path/Frameworks";
				PRODUCT_BUNDLE_IDENTIFIER = maroto.me.codemotion2015UITests;
				PRODUCT_NAME = "$(TARGET_NAME)";
				TEST_TARGET_NAME = codemotion2015;
				USES_XCTRUNNER = YES;
			};
			name = Release;
		};
/* End XCBuildConfiguration section */

/* Begin XCConfigurationList section */
		B9C096D01C04D1630083A2A0 /* Build configuration list for PBXProject "codemotion2015" */ = {
			isa = XCConfigurationList;
			buildConfigurations = (
				B9C096F01C04D1640083A2A0 /* Debug */,
				B9C096F11C04D1640083A2A0 /* Release */,
			);
			defaultConfigurationIsVisible = 0;
			defaultConfigurationName = Release;
		};
		B9C096F21C04D1640083A2A0 /* Build configuration list for PBXNativeTarget "codemotion2015" */ = {
			isa = XCConfigurationList;
			buildConfigurations = (
				B9C096F31C04D1640083A2A0 /* Debug */,
				B9C096F41C04D1640083A2A0 /* Release */,
			);
			defaultConfigurationIsVisible = 0;
			defaultConfigurationName = Release;
		};
		B9C096F51C04D1640083A2A0 /* Build configuration list for PBXNativeTarget "codemotion2015Tests" */ = {
			isa = XCConfigurationList;
			buildConfigurations = (
				B9C096F61C04D1640083A2A0 /* Debug */,
				B9C096F71C04D1640083A2A0 /* Release */,
			);
			defaultConfigurationIsVisible = 0;
			defaultConfigurationName = Release;
		};
		B9E803C31C0669A7008E681B /* Build configuration list for PBXNativeTarget "codemotion2015UITests" */ = {
			isa = XCConfigurationList;
			buildConfigurations = (
				B9E803C41C0669A7008E681B /* Debug */,
				B9E803C51C0669A7008E681B /* Release */,
			);
			defaultConfigurationIsVisible = 0;
			defaultConfigurationName = Release;
		};
/* End XCConfigurationList section */
	};
	rootObject = B9C096CD1C04D1630083A2A0 /* Project object */;
}
